{
  "name": "twitch-discord-clips-webhook",
  "version": "1.0.0",
  "lockfileVersion": 3,
  "requires": true,
  "packages": {
    "": {
      "name": "twitch-discord-clips-webhook",
      "version": "1.0.0",
      "license": "MIT",
      "dependencies": {
        "dotenv": "^17.2.3",
        "node-cron": "^4.2.1"
      },
      "devDependencies": {
        "prettier": "^3.7.4"
      }
    },
    "node_modules/dotenv": {
      "version": "17.2.3",
      "resolved": "https://registry.npmjs.org/dotenv/-/dotenv-17.2.3.tgz",
      "integrity": "sha512-JVUnt+DUIzu87TABbhPmNfVdBDt18BLOWjMUFJMSi/Qqg7NTYtabbvSNJGOJ7afbRuv9D/lngizHtP7QyLQ+9w==",
      "license": "BSD-2-Clause",
      "engines": {
        "node": ">=12"
      },
      "funding": {
        "url": "https://dotenvx.com"
      }
    },
    "node_modules/node-cron": {
      "version": "4.2.1",
      "resolved": "https://registry.npmjs.org/node-cron/-/node-cron-4.2.1.tgz",
      "integrity": "sha512-lgimEHPE/QDgFlywTd8yTR61ptugX3Qer29efeyWw2rv259HtGBNn1vZVmp8lB9uo9wC0t/AT4iGqXxia+CJFg==",
      "license": "ISC",
      "engines": {
        "node": ">=6.0.0"
      }
    },
    "node_modules/prettier": {
      "version": "3.7.4",
      "resolved": "https://registry.npmjs.org/prettier/-/prettier-3.7.4.tgz",
      "integrity": "sha512-v6UNi1+3hSlVvv8fSaoUbggEM5VErKmmpGA7Pl3HF8V6uKY7rvClBOJlH6yNwQtfTueNkGVpOv/mtWL9L4bgRA==",
      "dev": true,
      "license": "MIT",
      "bin": {
        "prettier": "bin/prettier.cjs"
      },
      "engines": {
        "node": ">=14"
      },
      "funding": {
        "url": "https://github.com/prettier/prettier?sponsor=1"
      }
    }
  }
}
